
Microsoft Visual Studio Solution File, Format Version 12.00
# Visual Studio Version 17
VisualStudioVersion = 17.9.34622.214
MinimumVisualStudioVersion = 10.0.40219.1
Project("{FAE04EC0-301F-11D3-BF4B-00C04F79EFBC}") = "Test_lagi_habis_install_git", "Test_lagi_habis_install_git.csproj", "{53D4AA8D-2109-4A4B-A1EB-2D41DE8630AE}"
EndProject
Global
	GlobalSection(SolutionConfigurationPlatforms) = preSolution
		Debug|Any CPU = Debug|Any CPU
		Release|Any CPU = Release|Any CPU
	EndGlobalSection
	GlobalSection(ProjectConfigurationPlatforms) = postSolution
		{53D4AA8D-2109-4A4B-A1EB-2D41DE8630AE}.Debug|Any CPU.ActiveCfg = Debug|Any CPU
		{53D4AA8D-2109-4A4B-A1EB-2D41DE8630AE}.Debug|Any CPU.Build.0 = Debug|Any CPU
		{53D4AA8D-2109-4A4B-A1EB-2D41DE8630AE}.Release|Any CPU.ActiveCfg = Release|Any CPU
		{53D4AA8D-2109-4A4B-A1EB-2D41DE8630AE}.Release|Any CPU.Build.0 = Release|Any CPU
	EndGlobalSection
	GlobalSection(SolutionProperties) = preSolution
		HideSolutionNode = FALSE
	EndGlobalSection
	GlobalSection(ExtensibilityGlobals) = postSolution
		SolutionGuid = {CDB9E227-3661-4D7A-BD99-82F437AD5254}
	EndGlobalSection
EndGlobal
